Microsoft Visual Studio Solution File, Format Version 11.00
# Visual Studio 2008

Project("{4E4B140E-9613-23EB-5D08-D5A569C30E4B}") = "HellaPlants new", "Assembly-CSharp.csproj", "{A8256996-F0E7-2278-2579-6529419B70ED}"
EndProject
Project("{4E4B140E-9613-23EB-5D08-D5A569C30E4B}") = "HellaPlants new", "Assembly-UnityScript-firstpass.unityproj", "{286F78ED-CF4B-856E-F300-36C29C759B0F}"
EndProject
Global
	GlobalSection(SolutionConfigurationPlatforms) = preSolution
		Debug|Any CPU = Debug|Any CPU
		Release|Any CPU = Release|Any CPU
	EndGlobalSection
	GlobalSection(ProjectConfigurationPlatforms) = postSolution
		{A8256996-F0E7-2278-2579-6529419B70ED}.Debug|Any CPU.ActiveCfg = Debug|Any CPU
		{A8256996-F0E7-2278-2579-6529419B70ED}.Debug|Any CPU.Build.0 = Debug|Any CPU
		{A8256996-F0E7-2278-2579-6529419B70ED}.Release|Any CPU.ActiveCfg = Release|Any CPU
		{A8256996-F0E7-2278-2579-6529419B70ED}.Release|Any CPU.Build.0 = Release|Any CPU
		{286F78ED-CF4B-856E-F300-36C29C759B0F}.Debug|Any CPU.ActiveCfg = Debug|Any CPU
		{286F78ED-CF4B-856E-F300-36C29C759B0F}.Debug|Any CPU.Build.0 = Debug|Any CPU
		{286F78ED-CF4B-856E-F300-36C29C759B0F}.Release|Any CPU.ActiveCfg = Release|Any CPU
		{286F78ED-CF4B-856E-F300-36C29C759B0F}.Release|Any CPU.Build.0 = Release|Any CPU
	EndGlobalSection
	GlobalSection(SolutionProperties) = preSolution
		HideSolutionNode = FALSE
	EndGlobalSection
									GlobalSection(MonoDevelopProperties) = preSolution
		StartupItem = Assembly-CSharp.csproj
		Policies = $0
		$0.TextStylePolicy = $1
		$1.inheritsSet = null
		$1.scope = text/x-csharp
		$0.CSharpFormattingPolicy = $2
		$2.inheritsSet = Mono
		$2.inheritsScope = text/x-csharp
		$2.scope = text/x-csharp
		$0.TextStylePolicy = $3
		$3.FileWidth = 120
		$3.TabWidth = 4
		$3.EolMarker = Unix
		$3.inheritsSet = Mono
		$3.inheritsScope = text/plain
		$3.scope = text/plain
	EndGlobalSection

EndGlobal
